
Microsoft Visual Studio Solution File, Format Version 12.00
# Visual Studio Version 17
VisualStudioVersion = 17.0.32112.339
MinimumVisualStudioVersion = 10.0.40219.1
Project("{FAE04EC0-301F-11D3-BF4B-00C04F79EFBC}") = "Delegates", "Delegates\Delegates.csproj", "{0537DC20-C909-4F12-8640-2D5270FEA458}"
EndProject
Global
	GlobalSection(SolutionConfigurationPlatforms) = preSolution
		Debug|Any CPU = Debug|Any CPU
		Release|Any CPU = Release|Any CPU
	EndGlobalSection
	GlobalSection(ProjectConfigurationPlatforms) = postSolution
		{0537DC20-C909-4F12-8640-2D5270FEA458}.Debug|Any CPU.ActiveCfg = Debug|Any CPU
		{0537DC20-C909-4F12-8640-2D5270FEA458}.Debug|Any CPU.Build.0 = Debug|Any CPU
		{0537DC20-C909-4F12-8640-2D5270FEA458}.Release|Any CPU.ActiveCfg = Release|Any CPU
		{0537DC20-C909-4F12-8640-2D5270FEA458}.Release|Any CPU.Build.0 = Release|Any CPU
	EndGlobalSection
	GlobalSection(SolutionProperties) = preSolution
		HideSolutionNode = FALSE
	EndGlobalSection
	GlobalSection(ExtensibilityGlobals) = postSolution
		SolutionGuid = {A067975C-5E39-4542-AEA7-B677014E7597}
	EndGlobalSection
EndGlobal
