
Microsoft Visual Studio Solution File, Format Version 12.00
# Visual Studio Version 17
VisualStudioVersion = 17.0.32112.339
MinimumVisualStudioVersion = 10.0.40219.1
Project("{FAE04EC0-301F-11D3-BF4B-00C04F79EFBC}") = "ReferenceType", "ReferenceType\ReferenceType.csproj", "{B5CB6C42-E464-440D-BD03-C52C7D5EB2E1}"
EndProject
Global
	GlobalSection(SolutionConfigurationPlatforms) = preSolution
		Debug|Any CPU = Debug|Any CPU
		Release|Any CPU = Release|Any CPU
	EndGlobalSection
	GlobalSection(ProjectConfigurationPlatforms) = postSolution
		{B5CB6C42-E464-440D-BD03-C52C7D5EB2E1}.Debug|Any CPU.ActiveCfg = Debug|Any CPU
		{B5CB6C42-E464-440D-BD03-C52C7D5EB2E1}.Debug|Any CPU.Build.0 = Debug|Any CPU
		{B5CB6C42-E464-440D-BD03-C52C7D5EB2E1}.Release|Any CPU.ActiveCfg = Release|Any CPU
		{B5CB6C42-E464-440D-BD03-C52C7D5EB2E1}.Release|Any CPU.Build.0 = Release|Any CPU
	EndGlobalSection
	GlobalSection(SolutionProperties) = preSolution
		HideSolutionNode = FALSE
	EndGlobalSection
	GlobalSection(ExtensibilityGlobals) = postSolution
		SolutionGuid = {02289876-B7BB-4D94-BB92-4A6D8E5431FD}
	EndGlobalSection
EndGlobal
