
Microsoft Visual Studio Solution File, Format Version 12.00
# Visual Studio Version 17
VisualStudioVersion = 17.0.32112.339
MinimumVisualStudioVersion = 10.0.40219.1
Project("{FAE04EC0-301F-11D3-BF4B-00C04F79EFBC}") = "Linq_XML", "Linq_XML\Linq_XML.csproj", "{89D6F87C-C2B2-410E-8D3C-129B1DFCD46E}"
EndProject
Global
	GlobalSection(SolutionConfigurationPlatforms) = preSolution
		Debug|Any CPU = Debug|Any CPU
		Release|Any CPU = Release|Any CPU
	EndGlobalSection
	GlobalSection(ProjectConfigurationPlatforms) = postSolution
		{89D6F87C-C2B2-410E-8D3C-129B1DFCD46E}.Debug|Any CPU.ActiveCfg = Debug|Any CPU
		{89D6F87C-C2B2-410E-8D3C-129B1DFCD46E}.Debug|Any CPU.Build.0 = Debug|Any CPU
		{89D6F87C-C2B2-410E-8D3C-129B1DFCD46E}.Release|Any CPU.ActiveCfg = Release|Any CPU
		{89D6F87C-C2B2-410E-8D3C-129B1DFCD46E}.Release|Any CPU.Build.0 = Release|Any CPU
	EndGlobalSection
	GlobalSection(SolutionProperties) = preSolution
		HideSolutionNode = FALSE
	EndGlobalSection
	GlobalSection(ExtensibilityGlobals) = postSolution
		SolutionGuid = {4A82EE9D-0E8A-4098-8779-3AC7F97CED97}
	EndGlobalSection
EndGlobal
