
Microsoft Visual Studio Solution File, Format Version 12.00
# Visual Studio Version 17
VisualStudioVersion = 17.1.32210.238
MinimumVisualStudioVersion = 10.0.40219.1
Project("{FAE04EC0-301F-11D3-BF4B-00C04F79EFBC}") = "RestApi_SP", "RestApi_SP\RestApi_SP.csproj", "{1915EC51-239D-4250-8406-B5FE6866AC27}"
EndProject
Global
	GlobalSection(SolutionConfigurationPlatforms) = preSolution
		Debug|Any CPU = Debug|Any CPU
		Release|Any CPU = Release|Any CPU
	EndGlobalSection
	GlobalSection(ProjectConfigurationPlatforms) = postSolution
		{1915EC51-239D-4250-8406-B5FE6866AC27}.Debug|Any CPU.ActiveCfg = Debug|Any CPU
		{1915EC51-239D-4250-8406-B5FE6866AC27}.Debug|Any CPU.Build.0 = Debug|Any CPU
		{1915EC51-239D-4250-8406-B5FE6866AC27}.Release|Any CPU.ActiveCfg = Release|Any CPU
		{1915EC51-239D-4250-8406-B5FE6866AC27}.Release|Any CPU.Build.0 = Release|Any CPU
	EndGlobalSection
	GlobalSection(SolutionProperties) = preSolution
		HideSolutionNode = FALSE
	EndGlobalSection
	GlobalSection(ExtensibilityGlobals) = postSolution
		SolutionGuid = {AD3EBFDA-1288-4C91-BC34-E6784AD59232}
	EndGlobalSection
EndGlobal
